// !$*UTF8*$!
{
	archiveVersion = 1;
	classes = {
	};
	objectVersion = 46;
	objects = {
/* Begin PBXBuildFile section */
		0207DA581B56EA530066E2B4 /* Images.xcassets in Resources */ = {isa = PBXBuildFile; fileRef = 0207DA571B56EA530066E2B4 /* Images.xcassets */; };
		1D3623260D0F684500981E51 /* AppDelegate.m in Sources */ = {isa = PBXBuildFile; fileRef = 1D3623250D0F684500981E51 /* AppDelegate.m */; };
		1D60589B0D05DD56006BFB54 /* main.m in Sources */ = {isa = PBXBuildFile; fileRef = 29B97316FDCFA39411CA2CEA /* main.m */; };
		301BF552109A68D80062928A /* libCordova.a in Frameworks */ = {isa = PBXBuildFile; fileRef = 301BF535109A57CC0062928A /* libCordova.a */; };
		302D95F114D2391D003F00A1 /* MainViewController.m in Sources */ = {isa = PBXBuildFile; fileRef = 302D95EF14D2391D003F00A1 /* MainViewController.m */; };
		302D95F214D2391D003F00A1 /* MainViewController.xib in Resources */ = {isa = PBXBuildFile; fileRef = 302D95F014D2391D003F00A1 /* MainViewController.xib */; };
		3047A5121AB8059700498E2A /* build-debug.xcconfig in Resources */ = {isa = PBXBuildFile; fileRef = 3047A50F1AB8059700498E2A /* build-debug.xcconfig */; };
		3047A5131AB8059700498E2A /* build-release.xcconfig in Resources */ = {isa = PBXBuildFile; fileRef = 3047A5101AB8059700498E2A /* build-release.xcconfig */; };
		3047A5141AB8059700498E2A /* build.xcconfig in Resources */ = {isa = PBXBuildFile; fileRef = 3047A5111AB8059700498E2A /* build.xcconfig */; };
		6AFF5BF91D6E424B00AB3073 /* CDVLaunchScreen.storyboard in Resources */ = {isa = PBXBuildFile; fileRef = 6AFF5BF81D6E424B00AB3073 /* CDVLaunchScreen.storyboard */; };
		CD78258B49FF462CA0D97820 /* UIImage+CropScaleOrientation.m in Sources */ = {isa = PBXBuildFile; fileRef = 0D90D46605F04EF2913D0D64 /* UIImage+CropScaleOrientation.m */; };
		A71A663F1A9D4C74A5979135 /* CDVCamera.m in Sources */ = {isa = PBXBuildFile; fileRef = D7CBEC7CD0CC4E9B8A33123C /* CDVCamera.m */; };
		9D9FD736563D43158F09A509 /* CDVJpegHeaderWriter.m in Sources */ = {isa = PBXBuildFile; fileRef = 81ABABBF0708404EA372BA4A /* CDVJpegHeaderWriter.m */; };
		0B99EF634D044818A0DF1277 /* ImageIO.framework in Frameworks */ = {isa = PBXBuildFile; fileRef = 383F797D5FA04AAEAB2E1D9A /* ImageIO.framework */; settings = {ATTRIBUTES = (Weak, ); }; };
		CCAE5A97FDFC4A08AD412599 /* CoreLocation.framework in Frameworks */ = {isa = PBXBuildFile; fileRef = 06D6CB3803424ADB9C206510 /* CoreLocation.framework */; };
		A692ACCA93254D95A0D21384 /* AVFoundation.framework in Frameworks */ = {isa = PBXBuildFile; fileRef = 9BC120CEE59D4C939DD47102 /* AVFoundation.framework */; };
		7B26717C6BCD414BBA972D08 /* DatePicker.m in Sources */ = {isa = PBXBuildFile; fileRef = 0EF58D1FE4004C8AA2E7C3EA /* DatePicker.m */; };
		41F05F6085F04C6F9CA389FD /* DatePicker.xib in Resources */ = {isa = PBXBuildFile; fileRef = 4C894F0F56434912BD093CD8 /* DatePicker.xib */; };
		E5A512AA083141B69D3B1367 /* CDVDevice.m in Sources */ = {isa = PBXBuildFile; fileRef = D3E800249E364B8B8D840D1D /* CDVDevice.m */; };
		1499D236C2404E4490B6B07D /* CDVFile.m in Sources */ = {isa = PBXBuildFile; fileRef = D8DE60C6550C4616B5D33C7C /* CDVFile.m */; };
		907DC7D4E1C543058C1E79B0 /* CDVLocalFilesystem.m in Sources */ = {isa = PBXBuildFile; fileRef = 519A8CEAF0854156862A9069 /* CDVLocalFilesystem.m */; };
		1ECC08F294BA439D8F198DA7 /* CDVAssetLibraryFilesystem.m in Sources */ = {isa = PBXBuildFile; fileRef = 1F0E683F726446E59830D900 /* CDVAssetLibraryFilesystem.m */; };
		CE6C13BB0E9E48699369B034 /* CDVFileTransfer.m in Sources */ = {isa = PBXBuildFile; fileRef = 254293F1F63C42428BAFF6E3 /* CDVFileTransfer.m */; };
		8584140E2D2D4E0582D88677 /* CDVIonicKeyboard.m in Sources */ = {isa = PBXBuildFile; fileRef = 865A849DFDA743A4A3818D01 /* CDVIonicKeyboard.m */; };
		65234EDDDD8F4CB68FE43C96 /* CDVWKWebViewEngine.m in Sources */ = {isa = PBXBuildFile; fileRef = 865DAD62D0EE47BB8E3475B2 /* CDVWKWebViewEngine.m */; };
		2A60E5D55E8F419EB3577546 /* CDVWKWebViewUIDelegate.m in Sources */ = {isa = PBXBuildFile; fileRef = B2A630421E7B470491EEDE9E /* CDVWKWebViewUIDelegate.m */; };
		E23DC9D309ED4B1B97DE1230 /* CDVWKProcessPoolFactory.m in Sources */ = {isa = PBXBuildFile; fileRef = 9C073E2BE5454CA0973906BC /* CDVWKProcessPoolFactory.m */; };
		A3C9202AF5A54D88BD69344A /* GCDWebServer.m in Sources */ = {isa = PBXBuildFile; fileRef = FA511B0FA6FA4098A1779773 /* GCDWebServer.m */; };
		D1A825EA07A14CAC8697ECBC /* GCDWebServerConnection.m in Sources */ = {isa = PBXBuildFile; fileRef = 9137B125E7E84BEDA7E2FCC6 /* GCDWebServerConnection.m */; };
		DE9042CE4FAD43D9AC695EF0 /* GCDWebServerFunctions.m in Sources */ = {isa = PBXBuildFile; fileRef = F74CD04A59D54D82B6B4F8F6 /* GCDWebServerFunctions.m */; };
		0780A8AD5AC044C599E916FB /* GCDWebServerRequest.m in Sources */ = {isa = PBXBuildFile; fileRef = 9656F5369827407C97F4279D /* GCDWebServerRequest.m */; };
		A3BCB0BDC1AA4DFD9D292666 /* GCDWebServerResponse.m in Sources */ = {isa = PBXBuildFile; fileRef = 95994D27ABF34534840F4AFD /* GCDWebServerResponse.m */; };
		AF642CB184B045D2A2EF18A5 /* GCDWebServerDataRequest.m in Sources */ = {isa = PBXBuildFile; fileRef = A11268EE13BB4431B79E9889 /* GCDWebServerDataRequest.m */; };
		1FF293EB43C842D8B8A4EC8A /* GCDWebServerFileRequest.m in Sources */ = {isa = PBXBuildFile; fileRef = 050A903A490148E7B65F3625 /* GCDWebServerFileRequest.m */; };
		EDACDDB44F39413AA4657BF0 /* GCDWebServerMultiPartFormRequest.m in Sources */ = {isa = PBXBuildFile; fileRef = D49093B269DD4532ACF22CEE /* GCDWebServerMultiPartFormRequest.m */; };
		BD954B608D244D22B1BE834D /* GCDWebServerURLEncodedFormRequest.m in Sources */ = {isa = PBXBuildFile; fileRef = CF63822EE8814D5E9334E022 /* GCDWebServerURLEncodedFormRequest.m */; };
		9C42A497026244F7A1167A0E /* GCDWebServerDataResponse.m in Sources */ = {isa = PBXBuildFile; fileRef = C41BC663604E4936A7FCF21F /* GCDWebServerDataResponse.m */; };
		93296196EDAA419A9B99CDC7 /* GCDWebServerErrorResponse.m in Sources */ = {isa = PBXBuildFile; fileRef = D699C33164334C4AA2226081 /* GCDWebServerErrorResponse.m */; };
		C8C8D66122D348B1AD0560A0 /* GCDWebServerFileResponse.m in Sources */ = {isa = PBXBuildFile; fileRef = C4CEA04285AD4D6794781158 /* GCDWebServerFileResponse.m */; };
		483526761D4F481EBF28E9CC /* GCDWebServerStreamedResponse.m in Sources */ = {isa = PBXBuildFile; fileRef = 01AAA033284B4E9F975EBEE9 /* GCDWebServerStreamedResponse.m */; };
		88468F7DFAAB4DA5BD7522A3 /* WebKit.framework in Frameworks */ = {isa = PBXBuildFile; fileRef = A260DC42B05140E2A521E4FC /* WebKit.framework */; settings = {ATTRIBUTES = (Weak, ); }; };
		EA886A5F9D7E4EC8AA913185 /* libz.tbd in Frameworks */ = {isa = PBXBuildFile; fileRef = 8D01E2662F3F462792ABF028 /* libz.tbd */; };
		548C0B9F5BD549208B8EB588 /* CDVIonicKeyboard.m in Sources */ = {isa = PBXBuildFile; fileRef = 0EF2F3083C7B4E94B29D6F92 /* CDVIonicKeyboard.m */; };
		866DA5A4FCBD408887CF020C /* NativeStorage.m in Sources */ = {isa = PBXBuildFile; fileRef = 4A091D51091F4870997214FB /* NativeStorage.m */; };
		6F194274766546879A1E75F4 /* CDVOrientation.m in Sources */ = {isa = PBXBuildFile; fileRef = 968CE9AA5B3F4B2BB4831F81 /* CDVOrientation.m */; };
		09DC3CAF866943D397F3BBB6 /* CDVSplashScreen.m in Sources */ = {isa = PBXBuildFile; fileRef = 95ABA8074D9641348BF76142 /* CDVSplashScreen.m */; };
		6BDE978B1C3D4876AD32C5F0 /* CDVViewController+SplashScreen.m in Sources */ = {isa = PBXBuildFile; fileRef = 95C5F28242424EE38325A054 /* CDVViewController+SplashScreen.m */; };
		9C8B1C67C507443E8F10FA91 /* CDVStatusBar.m in Sources */ = {isa = PBXBuildFile; fileRef = 3EB36170BA594AA798B142A1 /* CDVStatusBar.m */; };
		92014F88C50944EDA02C09D7 /* NSString+SSURLEncoding.m in Sources */ = {isa = PBXBuildFile; fileRef = D2E18618D7AA488F86B97138 /* NSString+SSURLEncoding.m */; };
		125EA626C22A492FB0659C97 /* SocialSharing.m in Sources */ = {isa = PBXBuildFile; fileRef = 46AC03A70C2E4854837CB4E3 /* SocialSharing.m */; };
		015A2DDCE0254D6B965508CD /* Social.framework in Frameworks */ = {isa = PBXBuildFile; fileRef = 2C493F0D613246CF974F3132 /* Social.framework */; settings = {ATTRIBUTES = (Weak, ); }; };
		BE818B1ED76F45819EC7154C /* MessageUI.framework in Frameworks */ = {isa = PBXBuildFile; fileRef = 4F0027C0E00445789328FF95 /* MessageUI.framework */; settings = {ATTRIBUTES = (Weak, ); }; };
		B6C2E07AA5E6447AA00DBEF6 /* SQLitePlugin.m in Sources */ = {isa = PBXBuildFile; fileRef = 23F0654C8DAC46778CA56304 /* SQLitePlugin.m */; };
		C865F6CC70A547A1AF402659 /* PSPDFThreadSafeMutableDictionary.m in Sources */ = {isa = PBXBuildFile; fileRef = D10587998BDD45CFAA98D04C /* PSPDFThreadSafeMutableDictionary.m */; settings = {COMPILER_FLAGS = "-w"; }; };
		D899FBC260BB4353AC238A52 /* sqlite3.c in Resources */ = {isa = PBXBuildFile; fileRef = 0CEED13BAB8C4B7094C7EC3E /* sqlite3.c */; settings = {COMPILER_FLAGS = "-w -DSQLITE_THREADSAFE=1 -DSQLITE_DEFAULT_SYNCHRONOUS=3 -DSQLITE_DEFAULT_MEMSTATUS=0 -DSQLITE_OMIT_DECLTYPE -DSQLITE_OMIT_DEPRECATED -DSQLITE_OMIT_PROGRESS_CALLBACK -DSQLITE_OMIT_SHARED_CACHE -DSQLITE_TEMP_STORE=2 -DSQLITE_OMIT_LOAD_EXTENSION -DSQLITE_ENABLE_FTS3 -DSQLITE_ENABLE_FTS3_PARENTHESIS -DSQLITE_ENABLE_FTS4 -DSQLITE_ENABLE_RTREE -DSQLITE_DEFAULT_PAGE_SIZE=1024 -DSQLITE_DEFAULT_CACHE_SIZE=2000"; }; };
		7C7427AE9AD84CEABF3CC8D2 /* IonicKeyboard.m in Sources */ = {isa = PBXBuildFile; fileRef = 054D35764F104E51BEFD3ACE /* IonicKeyboard.m */; };
/* End PBXBuildFile section */

/* Begin PBXContainerItemProxy section */
		301BF534109A57CC0062928A /* PBXContainerItemProxy */ = {
			isa = PBXContainerItemProxy;
			containerPortal = 301BF52D109A57CC0062928A /* CordovaLib.xcodeproj */;
			proxyType = 2;
			remoteGlobalIDString = D2AAC07E0554694100DB518D;
			remoteInfo = CordovaLib;
		};
		301BF550109A68C00062928A /* PBXContainerItemProxy */ = {
			isa = PBXContainerItemProxy;
			containerPortal = 301BF52D109A57CC0062928A /* CordovaLib.xcodeproj */;
			proxyType = 1;
			remoteGlobalIDString = D2AAC07D0554694100DB518D;
			remoteInfo = CordovaLib;
		};
/* End PBXContainerItemProxy section */

/* Begin PBXFileReference section */
		0207DA571B56EA530066E2B4 /* Images.xcassets */ = {isa = PBXFileReference; lastKnownFileType = folder.assetcatalog; name = Images.xcassets; path = "flipprr/Images.xcassets"; sourceTree = SOURCE_ROOT; };
		1D3623240D0F684500981E51 /* AppDelegate.h */ = {isa = PBXFileReference; fileEncoding = 4; lastKnownFileType = sourcecode.c.h; path = AppDelegate.h; sourceTree = "<group>"; };
		1D3623250D0F684500981E51 /* AppDelegate.m */ = {isa = PBXFileReference; fileEncoding = 4; lastKnownFileType = sourcecode.c.objc; path = AppDelegate.m; sourceTree = "<group>"; };
		1D6058910D05DD3D006BFB54 /* flipprr.app */ = {isa = PBXFileReference; explicitFileType = wrapper.application; includeInIndex = 0; path = "flipprr.app"; sourceTree = BUILT_PRODUCTS_DIR; };
		29B97316FDCFA39411CA2CEA /* main.m */ = {isa = PBXFileReference; fileEncoding = 4; lastKnownFileType = sourcecode.c.objc; path = main.m; sourceTree = "<group>"; };
		301BF52D109A57CC0062928A /* CordovaLib.xcodeproj */ = {isa = PBXFileReference; lastKnownFileType = "wrapper.pb-project"; path = CordovaLib/CordovaLib.xcodeproj; sourceTree = "<group>"; };
		301BF56E109A69640062928A /* www */ = {isa = PBXFileReference; lastKnownFileType = folder; path = www; sourceTree = SOURCE_ROOT; };
		302D95EE14D2391D003F00A1 /* MainViewController.h */ = {isa = PBXFileReference; fileEncoding = 4; lastKnownFileType = sourcecode.c.h; path = MainViewController.h; sourceTree = "<group>"; };
		302D95EF14D2391D003F00A1 /* MainViewController.m */ = {isa = PBXFileReference; fileEncoding = 4; lastKnownFileType = sourcecode.c.objc; path = MainViewController.m; sourceTree = "<group>"; };
		302D95F014D2391D003F00A1 /* MainViewController.xib */ = {isa = PBXFileReference; fileEncoding = 4; lastKnownFileType = file.xib; path = MainViewController.xib; sourceTree = "<group>"; };
		3047A50F1AB8059700498E2A /* build-debug.xcconfig */ = {isa = PBXFileReference; fileEncoding = 4; lastKnownFileType = text.xcconfig; name = "build-debug.xcconfig"; path = cordova/build-debug.xcconfig; sourceTree = SOURCE_ROOT; };
		3047A5101AB8059700498E2A /* build-release.xcconfig */ = {isa = PBXFileReference; fileEncoding = 4; lastKnownFileType = text.xcconfig; name = "build-release.xcconfig"; path = cordova/build-release.xcconfig; sourceTree = SOURCE_ROOT; };
		3047A5111AB8059700498E2A /* build.xcconfig */ = {isa = PBXFileReference; fileEncoding = 4; lastKnownFileType = text.xcconfig; name = build.xcconfig; path = cordova/build.xcconfig; sourceTree = SOURCE_ROOT; };
		32CA4F630368D1EE00C91783 /* flipprr-Prefix.pch */ = {isa = PBXFileReference; fileEncoding = 4; lastKnownFileType = sourcecode.c.h; path = "flipprr-Prefix.pch"; sourceTree = "<group>"; };
		6AFF5BF81D6E424B00AB3073 /* CDVLaunchScreen.storyboard */ = {isa = PBXFileReference; fileEncoding = 4; lastKnownFileType = file.storyboard; name = CDVLaunchScreen.storyboard; path = "flipprr/CDVLaunchScreen.storyboard"; sourceTree = SOURCE_ROOT; };
		8D1107310486CEB800E47090 /* flipprr-Info.plist */ = {isa = PBXFileReference; fileEncoding = 4; lastKnownFileType = text.plist.xml; name = "flipprr-Info.plist"; path = "flipprr/flipprr-Info.plist"; plistStructureDefinitionIdentifier = "com.apple.xcode.plist.structure-definition.iphone.info-plist"; sourceTree = SOURCE_ROOT; };
		EB87FDF31871DA8E0020F90C /* www */ = {isa = PBXFileReference; lastKnownFileType = folder; name = www; path = ../../www; sourceTree = "<group>"; };
		EB87FDF41871DAF40020F90C /* config.xml */ = {isa = PBXFileReference; lastKnownFileType = text.xml; name = config.xml; path = ../../config.xml; sourceTree = "<group>"; };
		F840E1F0165FE0F500CFE078 /* config.xml */ = {isa = PBXFileReference; lastKnownFileType = text.xml; name = config.xml; path = "flipprr/config.xml"; sourceTree = "<group>"; };
		ED33DF2A687741AEAF9F8254 /* Bridging-Header.h */ = {isa = PBXFileReference; fileEncoding = 4; lastKnownFileType = sourcecode.c.h; name = "Bridging-Header.h"; path = "Bridging-Header.h"; sourceTree = "<group>"; };
		0D90D46605F04EF2913D0D64 /* UIImage+CropScaleOrientation.m */ = {isa = PBXFileReference; name = "UIImage+CropScaleOrientation.m"; path = "cordova-plugin-camera/UIImage+CropScaleOrientation.m"; sourceTree = "<group>"; fileEncoding = 4; lastKnownFileType = sourcecode.c.objc; explicitFileType = undefined; includeInIndex = 0; };
		D7CBEC7CD0CC4E9B8A33123C /* CDVCamera.m */ = {isa = PBXFileReference; name = "CDVCamera.m"; path = "cordova-plugin-camera/CDVCamera.m"; sourceTree = "<group>"; fileEncoding = 4; lastKnownFileType = sourcecode.c.objc; explicitFileType = undefined; includeInIndex = 0; };
		81ABABBF0708404EA372BA4A /* CDVJpegHeaderWriter.m */ = {isa = PBXFileReference; name = "CDVJpegHeaderWriter.m"; path = "cordova-plugin-camera/CDVJpegHeaderWriter.m"; sourceTree = "<group>"; fileEncoding = 4; lastKnownFileType = sourcecode.c.objc; explicitFileType = undefined; includeInIndex = 0; };
		D72A08EE5E1C40A49DD1AED0 /* UIImage+CropScaleOrientation.h */ = {isa = PBXFileReference; name = "UIImage+CropScaleOrientation.h"; path = "cordova-plugin-camera/UIImage+CropScaleOrientation.h"; sourceTree = "<group>"; fileEncoding = 4; lastKnownFileType = sourcecode.c.h; explicitFileType = undefined; includeInIndex = 0; };
		3977BDB63EFD42D283FFDEF8 /* CDVCamera.h */ = {isa = PBXFileReference; name = "CDVCamera.h"; path = "cordova-plugin-camera/CDVCamera.h"; sourceTree = "<group>"; fileEncoding = 4; lastKnownFileType = sourcecode.c.h; explicitFileType = undefined; includeInIndex = 0; };
		F0FE0FC09CFE4D0B97185FF3 /* CDVJpegHeaderWriter.h */ = {isa = PBXFileReference; name = "CDVJpegHeaderWriter.h"; path = "cordova-plugin-camera/CDVJpegHeaderWriter.h"; sourceTree = "<group>"; fileEncoding = 4; lastKnownFileType = sourcecode.c.h; explicitFileType = undefined; includeInIndex = 0; };
		B557B7921D09457F88E26347 /* CDVExif.h */ = {isa = PBXFileReference; name = "CDVExif.h"; path = "cordova-plugin-camera/CDVExif.h"; sourceTree = "<group>"; fileEncoding = 4; lastKnownFileType = sourcecode.c.h; explicitFileType = undefined; includeInIndex = 0; };
		383F797D5FA04AAEAB2E1D9A /* ImageIO.framework */ = {isa = PBXFileReference; name = "ImageIO.framework"; path = "System/Library/Frameworks/ImageIO.framework"; sourceTree = SDKROOT; fileEncoding = undefined; lastKnownFileType = wrapper.framework; explicitFileType = undefined; includeInIndex = 0; };
		06D6CB3803424ADB9C206510 /* CoreLocation.framework */ = {isa = PBXFileReference; name = "CoreLocation.framework"; path = "System/Library/Frameworks/CoreLocation.framework"; sourceTree = SDKROOT; fileEncoding = undefined; lastKnownFileType = wrapper.framework; explicitFileType = undefined; includeInIndex = 0; };
		9BC120CEE59D4C939DD47102 /* AVFoundation.framework */ = {isa = PBXFileReference; name = "AVFoundation.framework"; path = "System/Library/Frameworks/AVFoundation.framework"; sourceTree = SDKROOT; fileEncoding = undefined; lastKnownFileType = wrapper.framework; explicitFileType = undefined; includeInIndex = 0; };
		0EF58D1FE4004C8AA2E7C3EA /* DatePicker.m */ = {isa = PBXFileReference; name = "DatePicker.m"; path = "cordova-plugin-datepicker/DatePicker.m"; sourceTree = "<group>"; fileEncoding = 4; lastKnownFileType = sourcecode.c.objc; explicitFileType = undefined; includeInIndex = 0; };
		4FF850B68E73456EA63AE6F7 /* DatePicker.h */ = {isa = PBXFileReference; name = "DatePicker.h"; path = "cordova-plugin-datepicker/DatePicker.h"; sourceTree = "<group>"; fileEncoding = 4; lastKnownFileType = sourcecode.c.h; explicitFileType = undefined; includeInIndex = 0; };
		4C894F0F56434912BD093CD8 /* DatePicker.xib */ = {isa = PBXFileReference; name = "DatePicker.xib"; path = "DatePicker.xib"; sourceTree = "<group>"; fileEncoding = undefined; lastKnownFileType = file.xib; explicitFileType = undefined; includeInIndex = 0; };
		D3E800249E364B8B8D840D1D /* CDVDevice.m */ = {isa = PBXFileReference; name = "CDVDevice.m"; path = "cordova-plugin-device/CDVDevice.m"; sourceTree = "<group>"; fileEncoding = 4; lastKnownFileType = sourcecode.c.objc; explicitFileType = undefined; includeInIndex = 0; };
		56E05960B0994ACBA8D63B32 /* CDVDevice.h */ = {isa = PBXFileReference; name = "CDVDevice.h"; path = "cordova-plugin-device/CDVDevice.h"; sourceTree = "<group>"; fileEncoding = 4; lastKnownFileType = sourcecode.c.h; explicitFileType = undefined; includeInIndex = 0; };
		D8DE60C6550C4616B5D33C7C /* CDVFile.m */ = {isa = PBXFileReference; name = "CDVFile.m"; path = "cordova-plugin-file/CDVFile.m"; sourceTree = "<group>"; fileEncoding = 4; lastKnownFileType = sourcecode.c.objc; explicitFileType = undefined; includeInIndex = 0; };
		519A8CEAF0854156862A9069 /* CDVLocalFilesystem.m */ = {isa = PBXFileReference; name = "CDVLocalFilesystem.m"; path = "cordova-plugin-file/CDVLocalFilesystem.m"; sourceTree = "<group>"; fileEncoding = 4; lastKnownFileType = sourcecode.c.objc; explicitFileType = undefined; includeInIndex = 0; };
		1F0E683F726446E59830D900 /* CDVAssetLibraryFilesystem.m */ = {isa = PBXFileReference; name = "CDVAssetLibraryFilesystem.m"; path = "cordova-plugin-file/CDVAssetLibraryFilesystem.m"; sourceTree = "<group>"; fileEncoding = 4; lastKnownFileType = sourcecode.c.objc; explicitFileType = undefined; includeInIndex = 0; };
		C2B2864A44EB4BCD812C24AA /* CDVFile.h */ = {isa = PBXFileReference; name = "CDVFile.h"; path = "cordova-plugin-file/CDVFile.h"; sourceTree = "<group>"; fileEncoding = 4; lastKnownFileType = sourcecode.c.h; explicitFileType = undefined; includeInIndex = 0; };
		5B325175DB2E44B19B28CEAF /* CDVLocalFilesystem.h */ = {isa = PBXFileReference; name = "CDVLocalFilesystem.h"; path = "cordova-plugin-file/CDVLocalFilesystem.h"; sourceTree = "<group>"; fileEncoding = 4; lastKnownFileType = sourcecode.c.h; explicitFileType = undefined; includeInIndex = 0; };
		28BB0558E3F748C59E561DE2 /* CDVAssetLibraryFilesystem.h */ = {isa = PBXFileReference; name = "CDVAssetLibraryFilesystem.h"; path = "cordova-plugin-file/CDVAssetLibraryFilesystem.h"; sourceTree = "<group>"; fileEncoding = 4; lastKnownFileType = sourcecode.c.h; explicitFileType = undefined; includeInIndex = 0; };
		254293F1F63C42428BAFF6E3 /* CDVFileTransfer.m */ = {isa = PBXFileReference; name = "CDVFileTransfer.m"; path = "cordova-plugin-file-transfer/CDVFileTransfer.m"; sourceTree = "<group>"; fileEncoding = 4; lastKnownFileType = sourcecode.c.objc; explicitFileType = undefined; includeInIndex = 0; };
		8B6CA8473B454DAEBD50C51A /* CDVFileTransfer.h */ = {isa = PBXFileReference; name = "CDVFileTransfer.h"; path = "cordova-plugin-file-transfer/CDVFileTransfer.h"; sourceTree = "<group>"; fileEncoding = 4; lastKnownFileType = sourcecode.c.h; explicitFileType = undefined; includeInIndex = 0; };
		865A849DFDA743A4A3818D01 /* CDVIonicKeyboard.m */ = {isa = PBXFileReference; name = "CDVIonicKeyboard.m"; path = "cordova-plugin-ionic-keyboard/CDVIonicKeyboard.m"; sourceTree = "<group>"; fileEncoding = 4; lastKnownFileType = sourcecode.c.objc; explicitFileType = undefined; includeInIndex = 0; };
		2B3962CDE2874463A7A870A9 /* CDVIonicKeyboard.h */ = {isa = PBXFileReference; name = "CDVIonicKeyboard.h"; path = "cordova-plugin-ionic-keyboard/CDVIonicKeyboard.h"; sourceTree = "<group>"; fileEncoding = 4; lastKnownFileType = sourcecode.c.h; explicitFileType = undefined; includeInIndex = 0; };
		865DAD62D0EE47BB8E3475B2 /* CDVWKWebViewEngine.m */ = {isa = PBXFileReference; name = "CDVWKWebViewEngine.m"; path = "cordova-plugin-ionic-webview/CDVWKWebViewEngine.m"; sourceTree = "<group>"; fileEncoding = 4; lastKnownFileType = sourcecode.c.objc; explicitFileType = undefined; includeInIndex = 0; };
		B2A630421E7B470491EEDE9E /* CDVWKWebViewUIDelegate.m */ = {isa = PBXFileReference; name = "CDVWKWebViewUIDelegate.m"; path = "cordova-plugin-ionic-webview/CDVWKWebViewUIDelegate.m"; sourceTree = "<group>"; fileEncoding = 4; lastKnownFileType = sourcecode.c.objc; explicitFileType = undefined; includeInIndex = 0; };
		9C073E2BE5454CA0973906BC /* CDVWKProcessPoolFactory.m */ = {isa = PBXFileReference; name = "CDVWKProcessPoolFactory.m"; path = "cordova-plugin-ionic-webview/CDVWKProcessPoolFactory.m"; sourceTree = "<group>"; fileEncoding = 4; lastKnownFileType = sourcecode.c.objc; explicitFileType = undefined; includeInIndex = 0; };
		FA511B0FA6FA4098A1779773 /* GCDWebServer.m */ = {isa = PBXFileReference; name = "GCDWebServer.m"; path = "cordova-plugin-ionic-webview/GCDWebServer.m"; sourceTree = "<group>"; fileEncoding = 4; lastKnownFileType = sourcecode.c.objc; explicitFileType = undefined; includeInIndex = 0; };
		9137B125E7E84BEDA7E2FCC6 /* GCDWebServerConnection.m */ = {isa = PBXFileReference; name = "GCDWebServerConnection.m"; path = "cordova-plugin-ionic-webview/GCDWebServerConnection.m"; sourceTree = "<group>"; fileEncoding = 4; lastKnownFileType = sourcecode.c.objc; explicitFileType = undefined; includeInIndex = 0; };
		F74CD04A59D54D82B6B4F8F6 /* GCDWebServerFunctions.m */ = {isa = PBXFileReference; name = "GCDWebServerFunctions.m"; path = "cordova-plugin-ionic-webview/GCDWebServerFunctions.m"; sourceTree = "<group>"; fileEncoding = 4; lastKnownFileType = sourcecode.c.objc; explicitFileType = undefined; includeInIndex = 0; };
		9656F5369827407C97F4279D /* GCDWebServerRequest.m */ = {isa = PBXFileReference; name = "GCDWebServerRequest.m"; path = "cordova-plugin-ionic-webview/GCDWebServerRequest.m"; sourceTree = "<group>"; fileEncoding = 4; lastKnownFileType = sourcecode.c.objc; explicitFileType = undefined; includeInIndex = 0; };
		95994D27ABF34534840F4AFD /* GCDWebServerResponse.m */ = {isa = PBXFileReference; name = "GCDWebServerResponse.m"; path = "cordova-plugin-ionic-webview/GCDWebServerResponse.m"; sourceTree = "<group>"; fileEncoding = 4; lastKnownFileType = sourcecode.c.objc; explicitFileType = undefined; includeInIndex = 0; };
		A11268EE13BB4431B79E9889 /* GCDWebServerDataRequest.m */ = {isa = PBXFileReference; name = "GCDWebServerDataRequest.m"; path = "cordova-plugin-ionic-webview/GCDWebServerDataRequest.m"; sourceTree = "<group>"; fileEncoding = 4; lastKnownFileType = sourcecode.c.objc; explicitFileType = undefined; includeInIndex = 0; };
		050A903A490148E7B65F3625 /* GCDWebServerFileRequest.m */ = {isa = PBXFileReference; name = "GCDWebServerFileRequest.m"; path = "cordova-plugin-ionic-webview/GCDWebServerFileRequest.m"; sourceTree = "<group>"; fileEncoding = 4; lastKnownFileType = sourcecode.c.objc; explicitFileType = undefined; includeInIndex = 0; };
		D49093B269DD4532ACF22CEE /* GCDWebServerMultiPartFormRequest.m */ = {isa = PBXFileReference; name = "GCDWebServerMultiPartFormRequest.m"; path = "cordova-plugin-ionic-webview/GCDWebServerMultiPartFormRequest.m"; sourceTree = "<group>"; fileEncoding = 4; lastKnownFileType = sourcecode.c.objc; explicitFileType = undefined; includeInIndex = 0; };
		CF63822EE8814D5E9334E022 /* GCDWebServerURLEncodedFormRequest.m */ = {isa = PBXFileReference; name = "GCDWebServerURLEncodedFormRequest.m"; path = "cordova-plugin-ionic-webview/GCDWebServerURLEncodedFormRequest.m"; sourceTree = "<group>"; fileEncoding = 4; lastKnownFileType = sourcecode.c.objc; explicitFileType = undefined; includeInIndex = 0; };
		C41BC663604E4936A7FCF21F /* GCDWebServerDataResponse.m */ = {isa = PBXFileReference; name = "GCDWebServerDataResponse.m"; path = "cordova-plugin-ionic-webview/GCDWebServerDataResponse.m"; sourceTree = "<group>"; fileEncoding = 4; lastKnownFileType = sourcecode.c.objc; explicitFileType = undefined; includeInIndex = 0; };
		D699C33164334C4AA2226081 /* GCDWebServerErrorResponse.m */ = {isa = PBXFileReference; name = "GCDWebServerErrorResponse.m"; path = "cordova-plugin-ionic-webview/GCDWebServerErrorResponse.m"; sourceTree = "<group>"; fileEncoding = 4; lastKnownFileType = sourcecode.c.objc; explicitFileType = undefined; includeInIndex = 0; };
		C4CEA04285AD4D6794781158 /* GCDWebServerFileResponse.m */ = {isa = PBXFileReference; name = "GCDWebServerFileResponse.m"; path = "cordova-plugin-ionic-webview/GCDWebServerFileResponse.m"; sourceTree = "<group>"; fileEncoding = 4; lastKnownFileType = sourcecode.c.objc; explicitFileType = undefined; includeInIndex = 0; };
		01AAA033284B4E9F975EBEE9 /* GCDWebServerStreamedResponse.m */ = {isa = PBXFileReference; name = "GCDWebServerStreamedResponse.m"; path = "cordova-plugin-ionic-webview/GCDWebServerStreamedResponse.m"; sourceTree = "<group>"; fileEncoding = 4; lastKnownFileType = sourcecode.c.objc; explicitFileType = undefined; includeInIndex = 0; };
		512F18BAD43C474EACB32147 /* CDVWKWebViewEngine.h */ = {isa = PBXFileReference; name = "CDVWKWebViewEngine.h"; path = "cordova-plugin-ionic-webview/CDVWKWebViewEngine.h"; sourceTree = "<group>"; fileEncoding = 4; lastKnownFileType = sourcecode.c.h; explicitFileType = undefined; includeInIndex = 0; };
		6C60F15DB14A4CFA9A9AD620 /* CDVWKWebViewUIDelegate.h */ = {isa = PBXFileReference; name = "CDVWKWebViewUIDelegate.h"; path = "cordova-plugin-ionic-webview/CDVWKWebViewUIDelegate.h"; sourceTree = "<group>"; fileEncoding = 4; lastKnownFileType = sourcecode.c.h; explicitFileType = undefined; includeInIndex = 0; };
		FA5BA7BFCC874405974021BE /* CDVWKProcessPoolFactory.h */ = {isa = PBXFileReference; name = "CDVWKProcessPoolFactory.h"; path = "cordova-plugin-ionic-webview/CDVWKProcessPoolFactory.h"; sourceTree = "<group>"; fileEncoding = 4; lastKnownFileType = sourcecode.c.h; explicitFileType = undefined; includeInIndex = 0; };
		9B4CBE108FC74D238C270EA7 /* GCDWebServer.h */ = {isa = PBXFileReference; name = "GCDWebServer.h"; path = "cordova-plugin-ionic-webview/GCDWebServer.h"; sourceTree = "<group>"; fileEncoding = 4; lastKnownFileType = sourcecode.c.h; explicitFileType = undefined; includeInIndex = 0; };
		05847FE906E44D49B071FB96 /* GCDWebServerConnection.h */ = {isa = PBXFileReference; name = "GCDWebServerConnection.h"; path = "cordova-plugin-ionic-webview/GCDWebServerConnection.h"; sourceTree = "<group>"; fileEncoding = 4; lastKnownFileType = sourcecode.c.h; explicitFileType = undefined; includeInIndex = 0; };
		7D83AEE42763424898C4F67B /* GCDWebServerFunctions.h */ = {isa = PBXFileReference; name = "GCDWebServerFunctions.h"; path = "cordova-plugin-ionic-webview/GCDWebServerFunctions.h"; sourceTree = "<group>"; fileEncoding = 4; lastKnownFileType = sourcecode.c.h; explicitFileType = undefined; includeInIndex = 0; };
		95194C1E4A7140FFBC4BA5F0 /* GCDWebServerHTTPStatusCodes.h */ = {isa = PBXFileReference; name = "GCDWebServerHTTPStatusCodes.h"; path = "cordova-plugin-ionic-webview/GCDWebServerHTTPStatusCodes.h"; sourceTree = "<group>"; fileEncoding = 4; lastKnownFileType = sourcecode.c.h; explicitFileType = undefined; includeInIndex = 0; };
		D602AFF4FBE44311AB1B180B /* GCDWebServerPrivate.h */ = {isa = PBXFileReference; name = "GCDWebServerPrivate.h"; path = "cordova-plugin-ionic-webview/GCDWebServerPrivate.h"; sourceTree = "<group>"; fileEncoding = 4; lastKnownFileType = sourcecode.c.h; explicitFileType = undefined; includeInIndex = 0; };
		1FE64611148C43BA905B8ADC /* GCDWebServerRequest.h */ = {isa = PBXFileReference; name = "GCDWebServerRequest.h"; path = "cordova-plugin-ionic-webview/GCDWebServerRequest.h"; sourceTree = "<group>"; fileEncoding = 4; lastKnownFileType = sourcecode.c.h; explicitFileType = undefined; includeInIndex = 0; };
		CCE7B6AF5F7646ABBE776B76 /* GCDWebServerResponse.h */ = {isa = PBXFileReference; name = "GCDWebServerResponse.h"; path = "cordova-plugin-ionic-webview/GCDWebServerResponse.h"; sourceTree = "<group>"; fileEncoding = 4; lastKnownFileType = sourcecode.c.h; explicitFileType = undefined; includeInIndex = 0; };
		0425F74E0A634EA9A55A44A8 /* GCDWebServerDataRequest.h */ = {isa = PBXFileReference; name = "GCDWebServerDataRequest.h"; path = "cordova-plugin-ionic-webview/GCDWebServerDataRequest.h"; sourceTree = "<group>"; fileEncoding = 4; lastKnownFileType = sourcecode.c.h; explicitFileType = undefined; includeInIndex = 0; };
		2F11A99EFB224AFA8381465A /* GCDWebServerFileRequest.h */ = {isa = PBXFileReference; name = "GCDWebServerFileRequest.h"; path = "cordova-plugin-ionic-webview/GCDWebServerFileRequest.h"; sourceTree = "<group>"; fileEncoding = 4; lastKnownFileType = sourcecode.c.h; explicitFileType = undefined; includeInIndex = 0; };
		2A05895713E64C84847A0D0C /* GCDWebServerMultiPartFormRequest.h */ = {isa = PBXFileReference; name = "GCDWebServerMultiPartFormRequest.h"; path = "cordova-plugin-ionic-webview/GCDWebServerMultiPartFormRequest.h"; sourceTree = "<group>"; fileEncoding = 4; lastKnownFileType = sourcecode.c.h; explicitFileType = undefined; includeInIndex = 0; };
		FFA76E13E811421DAAF02A19 /* GCDWebServerURLEncodedFormRequest.h */ = {isa = PBXFileReference; name = "GCDWebServerURLEncodedFormRequest.h"; path = "cordova-plugin-ionic-webview/GCDWebServerURLEncodedFormRequest.h"; sourceTree = "<group>"; fileEncoding = 4; lastKnownFileType = sourcecode.c.h; explicitFileType = undefined; includeInIndex = 0; };
		0B3418B327334A3A8A6D8143 /* GCDWebServerDataResponse.h */ = {isa = PBXFileReference; name = "GCDWebServerDataResponse.h"; path = "cordova-plugin-ionic-webview/GCDWebServerDataResponse.h"; sourceTree = "<group>"; fileEncoding = 4; lastKnownFileType = sourcecode.c.h; explicitFileType = undefined; includeInIndex = 0; };
		9224E6DAB7E3444CB6C1095A /* GCDWebServerErrorResponse.h */ = {isa = PBXFileReference; name = "GCDWebServerErrorResponse.h"; path = "cordova-plugin-ionic-webview/GCDWebServerErrorResponse.h"; sourceTree = "<group>"; fileEncoding = 4; lastKnownFileType = sourcecode.c.h; explicitFileType = undefined; includeInIndex = 0; };
		8F95AD965B6E4825B86CCF5F /* GCDWebServerFileResponse.h */ = {isa = PBXFileReference; name = "GCDWebServerFileResponse.h"; path = "cordova-plugin-ionic-webview/GCDWebServerFileResponse.h"; sourceTree = "<group>"; fileEncoding = 4; lastKnownFileType = sourcecode.c.h; explicitFileType = undefined; includeInIndex = 0; };
		2C04AD32FD4949E19546B9B9 /* GCDWebServerStreamedResponse.h */ = {isa = PBXFileReference; name = "GCDWebServerStreamedResponse.h"; path = "cordova-plugin-ionic-webview/GCDWebServerStreamedResponse.h"; sourceTree = "<group>"; fileEncoding = 4; lastKnownFileType = sourcecode.c.h; explicitFileType = undefined; includeInIndex = 0; };
		A260DC42B05140E2A521E4FC /* WebKit.framework */ = {isa = PBXFileReference; name = "WebKit.framework"; path = "System/Library/Frameworks/WebKit.framework"; sourceTree = SDKROOT; fileEncoding = undefined; lastKnownFileType = wrapper.framework; explicitFileType = undefined; includeInIndex = 0; };
		8D01E2662F3F462792ABF028 /* libz.tbd */ = {isa = PBXFileReference; name = "libz.tbd"; path = "usr/lib/libz.tbd"; sourceTree = SDKROOT; fileEncoding = undefined; lastKnownFileType = sourcecode.text-based-dylib-definition; explicitFileType = undefined; includeInIndex = 0; };
		0EF2F3083C7B4E94B29D6F92 /* CDVIonicKeyboard.m */ = {isa = PBXFileReference; name = "CDVIonicKeyboard.m"; path = "cordova-plugin-ionic-wkkeyboard/CDVIonicKeyboard.m"; sourceTree = "<group>"; fileEncoding = 4; lastKnownFileType = sourcecode.c.objc; explicitFileType = undefined; includeInIndex = 0; };
		5B2F2CEF62B84143841E4D3E /* CDVIonicKeyboard.h */ = {isa = PBXFileReference; name = "CDVIonicKeyboard.h"; path = "cordova-plugin-ionic-wkkeyboard/CDVIonicKeyboard.h"; sourceTree = "<group>"; fileEncoding = 4; lastKnownFileType = sourcecode.c.h; explicitFileType = undefined; includeInIndex = 0; };
		4A091D51091F4870997214FB /* NativeStorage.m */ = {isa = PBXFileReference; name = "NativeStorage.m"; path = "cordova-plugin-nativestorage/NativeStorage.m"; sourceTree = "<group>"; fileEncoding = 4; lastKnownFileType = sourcecode.c.objc; explicitFileType = undefined; includeInIndex = 0; };
		775B38C08F4B48C7B431A3A1 /* NativeStorage.h */ = {isa = PBXFileReference; name = "NativeStorage.h"; path = "cordova-plugin-nativestorage/NativeStorage.h"; sourceTree = "<group>"; fileEncoding = 4; lastKnownFileType = sourcecode.c.h; explicitFileType = undefined; includeInIndex = 0; };
		968CE9AA5B3F4B2BB4831F81 /* CDVOrientation.m */ = {isa = PBXFileReference; name = "CDVOrientation.m"; path = "cordova-plugin-screen-orientation/CDVOrientation.m"; sourceTree = "<group>"; fileEncoding = 4; lastKnownFileType = sourcecode.c.objc; explicitFileType = undefined; includeInIndex = 0; };
		1F1BA60F08244390B0B3C2C3 /* CDVOrientation.h */ = {isa = PBXFileReference; name = "CDVOrientation.h"; path = "cordova-plugin-screen-orientation/CDVOrientation.h"; sourceTree = "<group>"; fileEncoding = 4; lastKnownFileType = sourcecode.c.h; explicitFileType = undefined; includeInIndex = 0; };
		95ABA8074D9641348BF76142 /* CDVSplashScreen.m */ = {isa = PBXFileReference; name = "CDVSplashScreen.m"; path = "cordova-plugin-splashscreen/CDVSplashScreen.m"; sourceTree = "<group>"; fileEncoding = 4; lastKnownFileType = sourcecode.c.objc; explicitFileType = undefined; includeInIndex = 0; };
		95C5F28242424EE38325A054 /* CDVViewController+SplashScreen.m */ = {isa = PBXFileReference; name = "CDVViewController+SplashScreen.m"; path = "cordova-plugin-splashscreen/CDVViewController+SplashScreen.m"; sourceTree = "<group>"; fileEncoding = 4; lastKnownFileType = sourcecode.c.objc; explicitFileType = undefined; includeInIndex = 0; };
		9E9A2DE695644654BB9145AA /* CDVSplashScreen.h */ = {isa = PBXFileReference; name = "CDVSplashScreen.h"; path = "cordova-plugin-splashscreen/CDVSplashScreen.h"; sourceTree = "<group>"; fileEncoding = 4; lastKnownFileType = sourcecode.c.h; explicitFileType = undefined; includeInIndex = 0; };
		FC9F7A0D9E974160A5463903 /* CDVViewController+SplashScreen.h */ = {isa = PBXFileReference; name = "CDVViewController+SplashScreen.h"; path = "cordova-plugin-splashscreen/CDVViewController+SplashScreen.h"; sourceTree = "<group>"; fileEncoding = 4; lastKnownFileType = sourcecode.c.h; explicitFileType = undefined; includeInIndex = 0; };
		3EB36170BA594AA798B142A1 /* CDVStatusBar.m */ = {isa = PBXFileReference; name = "CDVStatusBar.m"; path = "cordova-plugin-statusbar/CDVStatusBar.m"; sourceTree = "<group>"; fileEncoding = 4; lastKnownFileType = sourcecode.c.objc; explicitFileType = undefined; includeInIndex = 0; };
		A346F81C760B4A89965070AF /* CDVStatusBar.h */ = {isa = PBXFileReference; name = "CDVStatusBar.h"; path = "cordova-plugin-statusbar/CDVStatusBar.h"; sourceTree = "<group>"; fileEncoding = 4; lastKnownFileType = sourcecode.c.h; explicitFileType = undefined; includeInIndex = 0; };
		D2E18618D7AA488F86B97138 /* NSString+SSURLEncoding.m */ = {isa = PBXFileReference; name = "NSString+SSURLEncoding.m"; path = "cordova-plugin-x-socialsharing/NSString+SSURLEncoding.m"; sourceTree = "<group>"; fileEncoding = 4; lastKnownFileType = sourcecode.c.objc; explicitFileType = undefined; includeInIndex = 0; };
		46AC03A70C2E4854837CB4E3 /* SocialSharing.m */ = {isa = PBXFileReference; name = "SocialSharing.m"; path = "cordova-plugin-x-socialsharing/SocialSharing.m"; sourceTree = "<group>"; fileEncoding = 4; lastKnownFileType = sourcecode.c.objc; explicitFileType = undefined; includeInIndex = 0; };
		05615ED5D4C4400CB4FCFE7D /* NSString+SSURLEncoding.h */ = {isa = PBXFileReference; name = "NSString+SSURLEncoding.h"; path = "cordova-plugin-x-socialsharing/NSString+SSURLEncoding.h"; sourceTree = "<group>"; fileEncoding = 4; lastKnownFileType = sourcecode.c.h; explicitFileType = undefined; includeInIndex = 0; };
		FC5C230ED98D4A8AA74A327E /* SocialSharing.h */ = {isa = PBXFileReference; name = "SocialSharing.h"; path = "cordova-plugin-x-socialsharing/SocialSharing.h"; sourceTree = "<group>"; fileEncoding = 4; lastKnownFileType = sourcecode.c.h; explicitFileType = undefined; includeInIndex = 0; };
		2C493F0D613246CF974F3132 /* Social.framework */ = {isa = PBXFileReference; name = "Social.framework"; path = "System/Library/Frameworks/Social.framework"; sourceTree = SDKROOT; fileEncoding = undefined; lastKnownFileType = wrapper.framework; explicitFileType = undefined; includeInIndex = 0; };
		4F0027C0E00445789328FF95 /* MessageUI.framework */ = {isa = PBXFileReference; name = "MessageUI.framework"; path = "System/Library/Frameworks/MessageUI.framework"; sourceTree = SDKROOT; fileEncoding = undefined; lastKnownFileType = wrapper.framework; explicitFileType = undefined; includeInIndex = 0; };
		23F0654C8DAC46778CA56304 /* SQLitePlugin.m */ = {isa = PBXFileReference; name = "SQLitePlugin.m"; path = "cordova-sqlite-storage/SQLitePlugin.m"; sourceTree = "<group>"; fileEncoding = 4; lastKnownFileType = sourcecode.c.objc; explicitFileType = undefined; includeInIndex = 0; };
		D10587998BDD45CFAA98D04C /* PSPDFThreadSafeMutableDictionary.m */ = {isa = PBXFileReference; name = "PSPDFThreadSafeMutableDictionary.m"; path = "cordova-sqlite-storage/PSPDFThreadSafeMutableDictionary.m"; sourceTree = "<group>"; fileEncoding = 4; lastKnownFileType = sourcecode.c.objc; explicitFileType = undefined; includeInIndex = 0; };
		0CEED13BAB8C4B7094C7EC3E /* sqlite3.c */ = {isa = PBXFileReference; name = "sqlite3.c"; path = "cordova-sqlite-storage/sqlite3.c"; sourceTree = "<group>"; fileEncoding = undefined; lastKnownFileType = unknown; explicitFileType = undefined; includeInIndex = 0; };
		403A5D1E1B164931A89B2E38 /* SQLitePlugin.h */ = {isa = PBXFileReference; name = "SQLitePlugin.h"; path = "cordova-sqlite-storage/SQLitePlugin.h"; sourceTree = "<group>"; fileEncoding = 4; lastKnownFileType = sourcecode.c.h; explicitFileType = undefined; includeInIndex = 0; };
		8B32809EB0B74DDEACA6759B /* PSPDFThreadSafeMutableDictionary.h */ = {isa = PBXFileReference; name = "PSPDFThreadSafeMutableDictionary.h"; path = "cordova-sqlite-storage/PSPDFThreadSafeMutableDictionary.h"; sourceTree = "<group>"; fileEncoding = 4; lastKnownFileType = sourcecode.c.h; explicitFileType = undefined; includeInIndex = 0; };
		A189671C4A884046AA0A5990 /* sqlite3.h */ = {isa = PBXFileReference; name = "sqlite3.h"; path = "cordova-sqlite-storage/sqlite3.h"; sourceTree = "<group>"; fileEncoding = 4; lastKnownFileType = sourcecode.c.h; explicitFileType = undefined; includeInIndex = 0; };
		054D35764F104E51BEFD3ACE /* IonicKeyboard.m */ = {isa = PBXFileReference; name = "IonicKeyboard.m"; path = "ionic-plugin-keyboard/IonicKeyboard.m"; sourceTree = "<group>"; fileEncoding = 4; lastKnownFileType = sourcecode.c.objc; explicitFileType = undefined; includeInIndex = 0; };
		DB94AA737ACA4894B3BDB088 /* IonicKeyboard.h */ = {isa = PBXFileReference; name = "IonicKeyboard.h"; path = "ionic-plugin-keyboard/IonicKeyboard.h"; sourceTree = "<group>"; fileEncoding = 4; lastKnownFileType = sourcecode.c.h; explicitFileType = undefined; includeInIndex = 0; };
/* End PBXFileReference section */

/* Begin PBXFrameworksBuildPhase section */
		1D60588F0D05DD3D006BFB54 /* Frameworks */ = {
			isa = PBXFrameworksBuildPhase;
			buildActionMask = 2147483647;
			files = (
				301BF552109A68D80062928A /* libCordova.a in Frameworks */,
				0B99EF634D044818A0DF1277 /* ImageIO.framework in Frameworks */,
				CCAE5A97FDFC4A08AD412599 /* CoreLocation.framework in Frameworks */,
				A692ACCA93254D95A0D21384 /* AVFoundation.framework in Frameworks */,
				88468F7DFAAB4DA5BD7522A3 /* WebKit.framework in Frameworks */,
				EA886A5F9D7E4EC8AA913185 /* libz.tbd in Frameworks */,
				015A2DDCE0254D6B965508CD /* Social.framework in Frameworks */,
				BE818B1ED76F45819EC7154C /* MessageUI.framework in Frameworks */,
			);
			runOnlyForDeploymentPostprocessing = 0;
		};
/* End PBXFrameworksBuildPhase section */

/* Begin PBXGroup section */
		080E96DDFE201D6D7F000001 /* Classes */ = {
			isa = PBXGroup;
			children = (
				302D95EE14D2391D003F00A1 /* MainViewController.h */,
				302D95EF14D2391D003F00A1 /* MainViewController.m */,
				302D95F014D2391D003F00A1 /* MainViewController.xib */,
				1D3623240D0F684500981E51 /* AppDelegate.h */,
				1D3623250D0F684500981E51 /* AppDelegate.m */,
			);
			name = Classes;
			path = "flipprr/Classes";
			sourceTree = SOURCE_ROOT;
		};
		19C28FACFE9D520D11CA2CBB /* Products */ = {
			isa = PBXGroup;
			children = (
				1D6058910D05DD3D006BFB54 /* flipprr.app */,
			);
			name = Products;
			sourceTree = "<group>";
		};
		29B97314FDCFA39411CA2CEA /* CustomTemplate */ = {
			isa = PBXGroup;
			children = (
				EB87FDF41871DAF40020F90C /* config.xml */,
				EB87FDF31871DA8E0020F90C /* www */,
				EB87FDF11871DA420020F90C /* Staging */,
				301BF52D109A57CC0062928A /* CordovaLib.xcodeproj */,
				080E96DDFE201D6D7F000001 /* Classes */,
				307C750510C5A3420062BCA9 /* Plugins */,
				29B97315FDCFA39411CA2CEA /* Other Sources */,
				29B97317FDCFA39411CA2CEA /* Resources */,
				29B97323FDCFA39411CA2CEA /* Frameworks */,
				19C28FACFE9D520D11CA2CBB /* Products */,
			);
			name = CustomTemplate;
			sourceTree = "<group>";
		};
		29B97315FDCFA39411CA2CEA /* Other Sources */ = {
			isa = PBXGroup;
			children = (
				32CA4F630368D1EE00C91783 /* flipprr-Prefix.pch */,
				29B97316FDCFA39411CA2CEA /* main.m */,
				ED33DF2A687741AEAF9F8254 /* Bridging-Header.h */,
			);
			name = "Other Sources";
			path = "flipprr";
			sourceTree = "<group>";
		};
		29B97317FDCFA39411CA2CEA /* Resources */ = {
			isa = PBXGroup;
			children = (
				0207DA571B56EA530066E2B4 /* Images.xcassets */,
				3047A50E1AB8057F00498E2A /* config */,
				8D1107310486CEB800E47090 /* flipprr-Info.plist */,
				6AFF5BF81D6E424B00AB3073 /* CDVLaunchScreen.storyboard */,
				4C894F0F56434912BD093CD8 /* DatePicker.xib */,
			);
			name = Resources;
			path = "flipprr/Resources";
			sourceTree = "<group>";
		};
		29B97323FDCFA39411CA2CEA /* Frameworks */ = {
			isa = PBXGroup;
			children = (
				383F797D5FA04AAEAB2E1D9A /* ImageIO.framework */,
				06D6CB3803424ADB9C206510 /* CoreLocation.framework */,
				9BC120CEE59D4C939DD47102 /* AVFoundation.framework */,
				A260DC42B05140E2A521E4FC /* WebKit.framework */,
				8D01E2662F3F462792ABF028 /* libz.tbd */,
				2C493F0D613246CF974F3132 /* Social.framework */,
				4F0027C0E00445789328FF95 /* MessageUI.framework */,
			);
			name = Frameworks;
			sourceTree = "<group>";
		};
		301BF52E109A57CC0062928A /* Products */ = {
			isa = PBXGroup;
			children = (
				301BF535109A57CC0062928A /* libCordova.a */,
			);
			name = Products;
			sourceTree = "<group>";
		};
		3047A50E1AB8057F00498E2A /* config */ = {
			isa = PBXGroup;
			children = (
				3047A50F1AB8059700498E2A /* build-debug.xcconfig */,
				3047A5101AB8059700498E2A /* build-release.xcconfig */,
				3047A5111AB8059700498E2A /* build.xcconfig */,
			);
			name = config;
			sourceTree = "<group>";
		};
		307C750510C5A3420062BCA9 /* Plugins */ = {
			isa = PBXGroup;
			children = (
				0D90D46605F04EF2913D0D64 /* UIImage+CropScaleOrientation.m */,
				D7CBEC7CD0CC4E9B8A33123C /* CDVCamera.m */,
				81ABABBF0708404EA372BA4A /* CDVJpegHeaderWriter.m */,
				D72A08EE5E1C40A49DD1AED0 /* UIImage+CropScaleOrientation.h */,
				3977BDB63EFD42D283FFDEF8 /* CDVCamera.h */,
				F0FE0FC09CFE4D0B97185FF3 /* CDVJpegHeaderWriter.h */,
				B557B7921D09457F88E26347 /* CDVExif.h */,
				0EF58D1FE4004C8AA2E7C3EA /* DatePicker.m */,
				4FF850B68E73456EA63AE6F7 /* DatePicker.h */,
				D3E800249E364B8B8D840D1D /* CDVDevice.m */,
				56E05960B0994ACBA8D63B32 /* CDVDevice.h */,
				D8DE60C6550C4616B5D33C7C /* CDVFile.m */,
				519A8CEAF0854156862A9069 /* CDVLocalFilesystem.m */,
				1F0E683F726446E59830D900 /* CDVAssetLibraryFilesystem.m */,
				C2B2864A44EB4BCD812C24AA /* CDVFile.h */,
				5B325175DB2E44B19B28CEAF /* CDVLocalFilesystem.h */,
				28BB0558E3F748C59E561DE2 /* CDVAssetLibraryFilesystem.h */,
				254293F1F63C42428BAFF6E3 /* CDVFileTransfer.m */,
				8B6CA8473B454DAEBD50C51A /* CDVFileTransfer.h */,
				865A849DFDA743A4A3818D01 /* CDVIonicKeyboard.m */,
				2B3962CDE2874463A7A870A9 /* CDVIonicKeyboard.h */,
				865DAD62D0EE47BB8E3475B2 /* CDVWKWebViewEngine.m */,
				B2A630421E7B470491EEDE9E /* CDVWKWebViewUIDelegate.m */,
				9C073E2BE5454CA0973906BC /* CDVWKProcessPoolFactory.m */,
				FA511B0FA6FA4098A1779773 /* GCDWebServer.m */,
				9137B125E7E84BEDA7E2FCC6 /* GCDWebServerConnection.m */,
				F74CD04A59D54D82B6B4F8F6 /* GCDWebServerFunctions.m */,
				9656F5369827407C97F4279D /* GCDWebServerRequest.m */,
				95994D27ABF34534840F4AFD /* GCDWebServerResponse.m */,
				A11268EE13BB4431B79E9889 /* GCDWebServerDataRequest.m */,
				050A903A490148E7B65F3625 /* GCDWebServerFileRequest.m */,
				D49093B269DD4532ACF22CEE /* GCDWebServerMultiPartFormRequest.m */,
				CF63822EE8814D5E9334E022 /* GCDWebServerURLEncodedFormRequest.m */,
				C41BC663604E4936A7FCF21F /* GCDWebServerDataResponse.m */,
				D699C33164334C4AA2226081 /* GCDWebServerErrorResponse.m */,
				C4CEA04285AD4D6794781158 /* GCDWebServerFileResponse.m */,
				01AAA033284B4E9F975EBEE9 /* GCDWebServerStreamedResponse.m */,
				512F18BAD43C474EACB32147 /* CDVWKWebViewEngine.h */,
				6C60F15DB14A4CFA9A9AD620 /* CDVWKWebViewUIDelegate.h */,
				FA5BA7BFCC874405974021BE /* CDVWKProcessPoolFactory.h */,
				9B4CBE108FC74D238C270EA7 /* GCDWebServer.h */,
				05847FE906E44D49B071FB96 /* GCDWebServerConnection.h */,
				7D83AEE42763424898C4F67B /* GCDWebServerFunctions.h */,
				95194C1E4A7140FFBC4BA5F0 /* GCDWebServerHTTPStatusCodes.h */,
				D602AFF4FBE44311AB1B180B /* GCDWebServerPrivate.h */,
				1FE64611148C43BA905B8ADC /* GCDWebServerRequest.h */,
				CCE7B6AF5F7646ABBE776B76 /* GCDWebServerResponse.h */,
				0425F74E0A634EA9A55A44A8 /* GCDWebServerDataRequest.h */,
				2F11A99EFB224AFA8381465A /* GCDWebServerFileRequest.h */,
				2A05895713E64C84847A0D0C /* GCDWebServerMultiPartFormRequest.h */,
				FFA76E13E811421DAAF02A19 /* GCDWebServerURLEncodedFormRequest.h */,
				0B3418B327334A3A8A6D8143 /* GCDWebServerDataResponse.h */,
				9224E6DAB7E3444CB6C1095A /* GCDWebServerErrorResponse.h */,
				8F95AD965B6E4825B86CCF5F /* GCDWebServerFileResponse.h */,
				2C04AD32FD4949E19546B9B9 /* GCDWebServerStreamedResponse.h */,
				0EF2F3083C7B4E94B29D6F92 /* CDVIonicKeyboard.m */,
				5B2F2CEF62B84143841E4D3E /* CDVIonicKeyboard.h */,
				4A091D51091F4870997214FB /* NativeStorage.m */,
				775B38C08F4B48C7B431A3A1 /* NativeStorage.h */,
				968CE9AA5B3F4B2BB4831F81 /* CDVOrientation.m */,
				1F1BA60F08244390B0B3C2C3 /* CDVOrientation.h */,
				95ABA8074D9641348BF76142 /* CDVSplashScreen.m */,
				95C5F28242424EE38325A054 /* CDVViewController+SplashScreen.m */,
				9E9A2DE695644654BB9145AA /* CDVSplashScreen.h */,
				FC9F7A0D9E974160A5463903 /* CDVViewController+SplashScreen.h */,
				3EB36170BA594AA798B142A1 /* CDVStatusBar.m */,
				A346F81C760B4A89965070AF /* CDVStatusBar.h */,
				D2E18618D7AA488F86B97138 /* NSString+SSURLEncoding.m */,
				46AC03A70C2E4854837CB4E3 /* SocialSharing.m */,
				05615ED5D4C4400CB4FCFE7D /* NSString+SSURLEncoding.h */,
				FC5C230ED98D4A8AA74A327E /* SocialSharing.h */,
				23F0654C8DAC46778CA56304 /* SQLitePlugin.m */,
				D10587998BDD45CFAA98D04C /* PSPDFThreadSafeMutableDictionary.m */,
				0CEED13BAB8C4B7094C7EC3E /* sqlite3.c */,
				403A5D1E1B164931A89B2E38 /* SQLitePlugin.h */,
				8B32809EB0B74DDEACA6759B /* PSPDFThreadSafeMutableDictionary.h */,
				A189671C4A884046AA0A5990 /* sqlite3.h */,
				054D35764F104E51BEFD3ACE /* IonicKeyboard.m */,
				DB94AA737ACA4894B3BDB088 /* IonicKeyboard.h */,
			);
			name = Plugins;
			path = "flipprr/Plugins";
			sourceTree = SOURCE_ROOT;
		};
		EB87FDF11871DA420020F90C /* Staging */ = {
			isa = PBXGroup;
			children = (
				F840E1F0165FE0F500CFE078 /* config.xml */,
				301BF56E109A69640062928A /* www */,
			);
			name = Staging;
			sourceTree = "<group>";
		};
/* End PBXGroup section */

/* Begin PBXNativeTarget section */
		1D6058900D05DD3D006BFB54 /* flipprr */ = {
			isa = PBXNativeTarget;
			buildConfigurationList = 1D6058960D05DD3E006BFB54 /* Build configuration list for PBXNativeTarget "flipprr" */;
			buildPhases = (
				304B58A110DAC018002A0835 /* Copy www directory */,
				1D60588D0D05DD3D006BFB54 /* Resources */,
				1D60588E0D05DD3D006BFB54 /* Sources */,
				1D60588F0D05DD3D006BFB54 /* Frameworks */,
			);
			buildRules = (
			);
			dependencies = (
				301BF551109A68C00062928A /* PBXTargetDependency */,
			);
			name = "flipprr";
			productName = "flipprr";
			productReference = 1D6058910D05DD3D006BFB54 /* flipprr.app */;
			productType = "com.apple.product-type.application";
		};
/* End PBXNativeTarget section */

/* Begin PBXProject section */
		29B97313FDCFA39411CA2CEA /* Project object */ = {
			isa = PBXProject;
			attributes = {
				LastUpgradeCheck = 510;
			};
			buildConfigurationList = C01FCF4E08A954540054247B /* Build configuration list for PBXProject "__NON-CLI__" */;
			compatibilityVersion = "Xcode 3.2";
			developmentRegion = English;
			hasScannedForEncodings = 1;
			mainGroup = 29B97314FDCFA39411CA2CEA /* CustomTemplate */;
			projectDirPath = "";
			projectReferences = (
				{
					ProductGroup = 301BF52E109A57CC0062928A /* Products */;
					ProjectRef = 301BF52D109A57CC0062928A /* CordovaLib.xcodeproj */;
				},
			);
			projectRoot = "";
			targets = (
				1D6058900D05DD3D006BFB54 /* flipprr */,
			);
		};
/* End PBXProject section */

/* Begin PBXReferenceProxy section */
		301BF535109A57CC0062928A /* libCordova.a */ = {
			isa = PBXReferenceProxy;
			fileType = archive.ar;
			path = libCordova.a;
			remoteRef = 301BF534109A57CC0062928A /* PBXContainerItemProxy */;
			sourceTree = BUILT_PRODUCTS_DIR;
		};
/* End PBXReferenceProxy section */

/* Begin PBXResourcesBuildPhase section */
		1D60588D0D05DD3D006BFB54 /* Resources */ = {
			isa = PBXResourcesBuildPhase;
			buildActionMask = 2147483647;
			files = (
				302D95F214D2391D003F00A1 /* MainViewController.xib in Resources */,
				0207DA581B56EA530066E2B4 /* Images.xcassets in Resources */,
				6AFF5BF91D6E424B00AB3073 /* CDVLaunchScreen.storyboard in Resources */,
				41F05F6085F04C6F9CA389FD /* DatePicker.xib in Resources */,
			);
			runOnlyForDeploymentPostprocessing = 0;
		};
/* End PBXResourcesBuildPhase section */

/* Begin PBXShellScriptBuildPhase section */
		304B58A110DAC018002A0835 /* Copy www directory */ = {
			isa = PBXShellScriptBuildPhase;
			buildActionMask = 2147483647;
			files = (
			);
			inputPaths = (
			);
			name = "Copy www directory";
			outputPaths = (
			);
			runOnlyForDeploymentPostprocessing = 0;
			shellPath = /bin/sh;
			shellScript = "NODEJS_PATH=/usr/local/bin; NVM_NODE_PATH=~/.nvm/versions/node/`nvm version 2>/dev/null`/bin; N_NODE_PATH=`find /usr/local/n/versions/node/* -maxdepth 0 -type d 2>/dev/null | tail -1`/bin; XCODE_NODE_PATH=`xcode-select --print-path`/usr/share/xcs/Node/bin; PATH=$NODEJS_PATH:$NVM_NODE_PATH:$N_NODE_PATH:$XCODE_NODE_PATH:$PATH && node cordova/lib/copy-www-build-step.js";
			showEnvVarsInLog = 0;
		};
/* End PBXShellScriptBuildPhase section */

/* Begin PBXSourcesBuildPhase section */
		1D60588E0D05DD3D006BFB54 /* Sources */ = {
			isa = PBXSourcesBuildPhase;
			buildActionMask = 2147483647;
			files = (
				1D60589B0D05DD56006BFB54 /* main.m in Sources */,
				1D3623260D0F684500981E51 /* AppDelegate.m in Sources */,
				302D95F114D2391D003F00A1 /* MainViewController.m in Sources */,
				CD78258B49FF462CA0D97820 /* UIImage+CropScaleOrientation.m in Sources */,
				A71A663F1A9D4C74A5979135 /* CDVCamera.m in Sources */,
				9D9FD736563D43158F09A509 /* CDVJpegHeaderWriter.m in Sources */,
				7B26717C6BCD414BBA972D08 /* DatePicker.m in Sources */,
				E5A512AA083141B69D3B1367 /* CDVDevice.m in Sources */,
				1499D236C2404E4490B6B07D /* CDVFile.m in Sources */,
				907DC7D4E1C543058C1E79B0 /* CDVLocalFilesystem.m in Sources */,
				1ECC08F294BA439D8F198DA7 /* CDVAssetLibraryFilesystem.m in Sources */,
				CE6C13BB0E9E48699369B034 /* CDVFileTransfer.m in Sources */,
				8584140E2D2D4E0582D88677 /* CDVIonicKeyboard.m in Sources */,
				65234EDDDD8F4CB68FE43C96 /* CDVWKWebViewEngine.m in Sources */,
				2A60E5D55E8F419EB3577546 /* CDVWKWebViewUIDelegate.m in Sources */,
				E23DC9D309ED4B1B97DE1230 /* CDVWKProcessPoolFactory.m in Sources */,
				A3C9202AF5A54D88BD69344A /* GCDWebServer.m in Sources */,
				D1A825EA07A14CAC8697ECBC /* GCDWebServerConnection.m in Sources */,
				DE9042CE4FAD43D9AC695EF0 /* GCDWebServerFunctions.m in Sources */,
				0780A8AD5AC044C599E916FB /* GCDWebServerRequest.m in Sources */,
				A3BCB0BDC1AA4DFD9D292666 /* GCDWebServerResponse.m in Sources */,
				AF642CB184B045D2A2EF18A5 /* GCDWebServerDataRequest.m in Sources */,
				1FF293EB43C842D8B8A4EC8A /* GCDWebServerFileRequest.m in Sources */,
				EDACDDB44F39413AA4657BF0 /* GCDWebServerMultiPartFormRequest.m in Sources */,
				BD954B608D244D22B1BE834D /* GCDWebServerURLEncodedFormRequest.m in Sources */,
				9C42A497026244F7A1167A0E /* GCDWebServerDataResponse.m in Sources */,
				93296196EDAA419A9B99CDC7 /* GCDWebServerErrorResponse.m in Sources */,
				C8C8D66122D348B1AD0560A0 /* GCDWebServerFileResponse.m in Sources */,
				483526761D4F481EBF28E9CC /* GCDWebServerStreamedResponse.m in Sources */,
				548C0B9F5BD549208B8EB588 /* CDVIonicKeyboard.m in Sources */,
				866DA5A4FCBD408887CF020C /* NativeStorage.m in Sources */,
				6F194274766546879A1E75F4 /* CDVOrientation.m in Sources */,
				09DC3CAF866943D397F3BBB6 /* CDVSplashScreen.m in Sources */,
				6BDE978B1C3D4876AD32C5F0 /* CDVViewController+SplashScreen.m in Sources */,
				9C8B1C67C507443E8F10FA91 /* CDVStatusBar.m in Sources */,
				92014F88C50944EDA02C09D7 /* NSString+SSURLEncoding.m in Sources */,
				125EA626C22A492FB0659C97 /* SocialSharing.m in Sources */,
				B6C2E07AA5E6447AA00DBEF6 /* SQLitePlugin.m in Sources */,
				C865F6CC70A547A1AF402659 /* PSPDFThreadSafeMutableDictionary.m in Sources */,
				D899FBC260BB4353AC238A52 /* sqlite3.c in Resources */,
				7C7427AE9AD84CEABF3CC8D2 /* IonicKeyboard.m in Sources */,
			);
			runOnlyForDeploymentPostprocessing = 0;
		};
/* End PBXSourcesBuildPhase section */

/* Begin PBXTargetDependency section */
		301BF551109A68C00062928A /* PBXTargetDependency */ = {
			isa = PBXTargetDependency;
			name = CordovaLib;
			targetProxy = 301BF550109A68C00062928A /* PBXContainerItemProxy */;
		};
/* End PBXTargetDependency section */

/* Begin XCBuildConfiguration section */
		1D6058940D05DD3E006BFB54 /* Debug */ = {
			isa = XCBuildConfiguration;
			baseConfigurationReference = 3047A50F1AB8059700498E2A /* build-debug.xcconfig */;
			buildSettings = {
				ALWAYS_SEARCH_USER_PATHS = NO;
				ASSETCATALOG_COMPILER_APPICON_NAME = AppIcon;
				ASSETCATALOG_COMPILER_LAUNCHIMAGE_NAME = LaunchImage;
				CLANG_ENABLE_MODULES = YES;
				CLANG_ENABLE_OBJC_ARC = YES;
				COPY_PHASE_STRIP = NO;
				GCC_DYNAMIC_NO_PIC = NO;
				GCC_OPTIMIZATION_LEVEL = 0;
				GCC_PRECOMPILE_PREFIX_HEADER = YES;
				GCC_PREFIX_HEADER = "flipprr/flipprr-Prefix.pch";
				GCC_THUMB_SUPPORT = NO;
				GCC_VERSION = "";
				INFOPLIST_FILE = "flipprr/flipprr-Info.plist";
				IPHONEOS_DEPLOYMENT_TARGET = 9.0;
				LD_RUNPATH_SEARCH_PATHS = "@executable_path/Frameworks";
				TARGETED_DEVICE_FAMILY = "1,2";
				PRODUCT_NAME = "flipprr";
			};
			name = Debug;
		};
		1D6058950D05DD3E006BFB54 /* Release */ = {
			isa = XCBuildConfiguration;
			baseConfigurationReference = 3047A5101AB8059700498E2A /* build-release.xcconfig */;
			buildSettings = {
				ALWAYS_SEARCH_USER_PATHS = NO;
				ASSETCATALOG_COMPILER_APPICON_NAME = AppIcon;
				ASSETCATALOG_COMPILER_LAUNCHIMAGE_NAME = LaunchImage;
				CLANG_ENABLE_MODULES = YES;
				CLANG_ENABLE_OBJC_ARC = YES;
				COPY_PHASE_STRIP = YES;
				GCC_PRECOMPILE_PREFIX_HEADER = YES;
				GCC_PREFIX_HEADER = "flipprr/flipprr-Prefix.pch";
				GCC_THUMB_SUPPORT = NO;
				GCC_VERSION = "";
				INFOPLIST_FILE = "flipprr/flipprr-Info.plist";
				IPHONEOS_DEPLOYMENT_TARGET = 9.0;
				LD_RUNPATH_SEARCH_PATHS = "@executable_path/Frameworks";
				TARGETED_DEVICE_FAMILY = "1,2";
				PRODUCT_NAME = "flipprr";
			};
			name = Release;
		};
		C01FCF4F08A954540054247B /* Debug */ = {
			isa = XCBuildConfiguration;
			baseConfigurationReference = 3047A5111AB8059700498E2A /* build.xcconfig */;
			buildSettings = {
				CLANG_ENABLE_MODULES = YES;
				CLANG_ENABLE_OBJC_ARC = YES;
				CLANG_WARN_BOOL_CONVERSION = YES;
				CLANG_WARN_CONSTANT_CONVERSION = YES;
				CLANG_WARN_EMPTY_BODY = YES;
				CLANG_WARN_ENUM_CONVERSION = YES;
				CLANG_WARN_INT_CONVERSION = YES;
				CLANG_WARN__DUPLICATE_METHOD_MATCH = YES;
				GCC_C_LANGUAGE_STANDARD = c99;
				GCC_THUMB_SUPPORT = NO;
				GCC_VERSION = "";
				GCC_WARN_ABOUT_RETURN_TYPE = YES;
				GCC_WARN_UNDECLARED_SELECTOR = YES;
				GCC_WARN_UNINITIALIZED_AUTOS = YES;
				GCC_WARN_UNUSED_FUNCTION = YES;
				GCC_WARN_UNUSED_VARIABLE = YES;
				ONLY_ACTIVE_ARCH = YES;
				SDKROOT = iphoneos;
				SKIP_INSTALL = NO;
			};
			name = Debug;
		};
		C01FCF5008A954540054247B /* Release */ = {
			isa = XCBuildConfiguration;
			baseConfigurationReference = 3047A5111AB8059700498E2A /* build.xcconfig */;
			buildSettings = {
				CLANG_ENABLE_MODULES = YES;
				CLANG_ENABLE_OBJC_ARC = YES;
				CLANG_WARN_BOOL_CONVERSION = YES;
				CLANG_WARN_CONSTANT_CONVERSION = YES;
				CLANG_WARN_EMPTY_BODY = YES;
				CLANG_WARN_ENUM_CONVERSION = YES;
				CLANG_WARN_INT_CONVERSION = YES;
				CLANG_WARN__DUPLICATE_METHOD_MATCH = YES;
				GCC_C_LANGUAGE_STANDARD = c99;
				GCC_THUMB_SUPPORT = NO;
				GCC_VERSION = "";
				GCC_WARN_ABOUT_RETURN_TYPE = YES;
				GCC_WARN_UNDECLARED_SELECTOR = YES;
				GCC_WARN_UNINITIALIZED_AUTOS = YES;
				GCC_WARN_UNUSED_FUNCTION = YES;
				GCC_WARN_UNUSED_VARIABLE = YES;
				SDKROOT = iphoneos;
				SKIP_INSTALL = NO;
			};
			name = Release;
		};
/* End XCBuildConfiguration section */

/* Begin XCConfigurationList section */
		1D6058960D05DD3E006BFB54 /* Build configuration list for PBXNativeTarget "flipprr" */ = {
			isa = XCConfigurationList;
			buildConfigurations = (
				1D6058940D05DD3E006BFB54 /* Debug */,
				1D6058950D05DD3E006BFB54 /* Release */,
			);
			defaultConfigurationIsVisible = 0;
			defaultConfigurationName = Release;
		};
		C01FCF4E08A954540054247B /* Build configuration list for PBXProject "__NON-CLI__" */ = {
			isa = XCConfigurationList;
			buildConfigurations = (
				C01FCF4F08A954540054247B /* Debug */,
				C01FCF5008A954540054247B /* Release */,
			);
			defaultConfigurationIsVisible = 0;
			defaultConfigurationName = Release;
		};
/* End XCConfigurationList section */
	};
	rootObject = 29B97313FDCFA39411CA2CEA /* Project object */;
}
